// !$*UTF8*$!
{
	archiveVersion = 1;
	classes = {
	};
	objectVersion = 46;
	objects = {

/* Begin PBXBuildFile section */
		4C1F648214FB2964005E58EF /* FBMediaViewerItemLoaderLocal.m in Sources */ = {isa = PBXBuildFile; fileRef = 4C1F648114FB2964005E58EF /* FBMediaViewerItemLoaderLocal.m */; };
		4C280F4314F4B46400DB9916 /* FBMediaViewerRendererWebView.m in Sources */ = {isa = PBXBuildFile; fileRef = 4C280F4214F4B46400DB9916 /* FBMediaViewerRendererWebView.m */; };
		4C280F4E14F4C9B700DB9916 /* image01.jpg in Resources */ = {isa = PBXBuildFile; fileRef = 4C280F4614F4C9B700DB9916 /* image01.jpg */; };
		4C528B5716D74DAB00E72445 /* QuartzCore.framework in Frameworks */ = {isa = PBXBuildFile; fileRef = 4C528B5616D74DAB00E72445 /* QuartzCore.framework */; };
		4C795C0B14F5DD38003EDA40 /* sample.doc in Resources */ = {isa = PBXBuildFile; fileRef = 4C795C0814F5DD38003EDA40 /* sample.doc */; };
		4C795C0C14F5DD38003EDA40 /* sample.xls in Resources */ = {isa = PBXBuildFile; fileRef = 4C795C0914F5DD38003EDA40 /* sample.xls */; };
		4C795C0D14F5DD38003EDA40 /* sample.mov in Resources */ = {isa = PBXBuildFile; fileRef = 4C795C0A14F5DD38003EDA40 /* sample.mov */; };
		4C795C7E14F61FE0003EDA40 /* README.txt in Resources */ = {isa = PBXBuildFile; fileRef = 4C795C7D14F61FDF003EDA40 /* README.txt */; };
		4C795C8614F622B1003EDA40 /* image02.jpg in Resources */ = {isa = PBXBuildFile; fileRef = 4C795C8014F622B0003EDA40 /* image02.jpg */; };
		4C795C8714F622B1003EDA40 /* image03.jpg in Resources */ = {isa = PBXBuildFile; fileRef = 4C795C8114F622B0003EDA40 /* image03.jpg */; };
		4C795C8814F622B1003EDA40 /* image04.jpg in Resources */ = {isa = PBXBuildFile; fileRef = 4C795C8214F622B0003EDA40 /* image04.jpg */; };
		4C795C8914F622B1003EDA40 /* image06.jpg in Resources */ = {isa = PBXBuildFile; fileRef = 4C795C8314F622B0003EDA40 /* image06.jpg */; };
		4C795C8A14F622B1003EDA40 /* image07.jpg in Resources */ = {isa = PBXBuildFile; fileRef = 4C795C8414F622B0003EDA40 /* image07.jpg */; };
		4C795C8B14F622B1003EDA40 /* image08.jpg in Resources */ = {isa = PBXBuildFile; fileRef = 4C795C8514F622B1003EDA40 /* image08.jpg */; };
		4C795CBF14F72F31003EDA40 /* FBMediaViewerInnerView.m in Sources */ = {isa = PBXBuildFile; fileRef = 4C795CBE14F72F31003EDA40 /* FBMediaViewerInnerView.m */; };
		4C795CE314F769D9003EDA40 /* FBGenericMediaViewerItem.m in Sources */ = {isa = PBXBuildFile; fileRef = 4C795CE214F769D8003EDA40 /* FBGenericMediaViewerItem.m */; };
		4C7A37E116673C2600DC39A9 /* sample_small.jpg in Resources */ = {isa = PBXBuildFile; fileRef = 4C7A37E016673C2600DC39A9 /* sample_small.jpg */; };
		4C7A37E416673F5600DC39A9 /* sample_large.JPG in Resources */ = {isa = PBXBuildFile; fileRef = 4C7A37E316673F5600DC39A9 /* sample_large.JPG */; };
		4C85160B14F37F7A006564FE /* UIKit.framework in Frameworks */ = {isa = PBXBuildFile; fileRef = 4C85160A14F37F7A006564FE /* UIKit.framework */; };
		4C85160D14F37F7B006564FE /* Foundation.framework in Frameworks */ = {isa = PBXBuildFile; fileRef = 4C85160C14F37F7A006564FE /* Foundation.framework */; };
		4C85160F14F37F7B006564FE /* CoreGraphics.framework in Frameworks */ = {isa = PBXBuildFile; fileRef = 4C85160E14F37F7B006564FE /* CoreGraphics.framework */; };
		4C85161514F37F7B006564FE /* InfoPlist.strings in Resources */ = {isa = PBXBuildFile; fileRef = 4C85161314F37F7B006564FE /* InfoPlist.strings */; };
		4C85161714F37F7B006564FE /* main.m in Sources */ = {isa = PBXBuildFile; fileRef = 4C85161614F37F7B006564FE /* main.m */; };
		4C85161B14F37F7B006564FE /* FBMediaViewerAppDelegate.m in Sources */ = {isa = PBXBuildFile; fileRef = 4C85161A14F37F7B006564FE /* FBMediaViewerAppDelegate.m */; };
		4C85161E14F37F7B006564FE /* FBMediaViewerViewController.m in Sources */ = {isa = PBXBuildFile; fileRef = 4C85161D14F37F7B006564FE /* FBMediaViewerViewController.m */; };
		4C85162114F37F7B006564FE /* FBMediaViewerViewController_iPhone.xib in Resources */ = {isa = PBXBuildFile; fileRef = 4C85161F14F37F7B006564FE /* FBMediaViewerViewController_iPhone.xib */; };
		4C85162414F37F7B006564FE /* FBMediaViewerViewController_iPad.xib in Resources */ = {isa = PBXBuildFile; fileRef = 4C85162214F37F7B006564FE /* FBMediaViewerViewController_iPad.xib */; };
		4C85162D14F37FFE006564FE /* FBMediaViewerView.m in Sources */ = {isa = PBXBuildFile; fileRef = 4C85162C14F37FFE006564FE /* FBMediaViewerView.m */; };
		4CA5CD4116EDBEC8008B3471 /* sample2.mov in Resources */ = {isa = PBXBuildFile; fileRef = 4CA5CD4016EDBEC8008B3471 /* sample2.mov */; };
		4CA90DA2165DEA6200D91B8B /* FBMediaViewer.plist in Resources */ = {isa = PBXBuildFile; fileRef = 4CA90DA1165DEA6200D91B8B /* FBMediaViewer.plist */; };
		4CA90DA6165DEBE300D91B8B /* FBMediaViewerRendererFactory.m in Sources */ = {isa = PBXBuildFile; fileRef = 4CA90DA5165DEBE300D91B8B /* FBMediaViewerRendererFactory.m */; };
		4CA90DB2165E009600D91B8B /* FBMediaViewerRendererMovieView.m in Sources */ = {isa = PBXBuildFile; fileRef = 4CA90DB1165E009600D91B8B /* FBMediaViewerRendererMovieView.m */; };
		4CA90DB4165E02BA00D91B8B /* MediaPlayer.framework in Frameworks */ = {isa = PBXBuildFile; fileRef = 4CA90DB3165E02BA00D91B8B /* MediaPlayer.framework */; };
		4CCB44A5165617D300BD8B15 /* FBMediaViewerRendererImageView.m in Sources */ = {isa = PBXBuildFile; fileRef = 4CCB44A4165617D300BD8B15 /* FBMediaViewerRendererImageView.m */; };
		4CCD5BF716635457000794D5 /* Default-568h@2x.png in Resources */ = {isa = PBXBuildFile; fileRef = 4CCD5BF616635456000794D5 /* Default-568h@2x.png */; };
		4CCF59A91500901800BF9F12 /* FBMediaViewerGenericLoadingView.m in Sources */ = {isa = PBXBuildFile; fileRef = 4CCF59A81500901800BF9F12 /* FBMediaViewerGenericLoadingView.m */; };
		4CCF59B115009CFE00BF9F12 /* FBMediaViewerProgressView.m in Sources */ = {isa = PBXBuildFile; fileRef = 4CCF59AF15009CFE00BF9F12 /* FBMediaViewerProgressView.m */; };
/* End PBXBuildFile section */

/* Begin PBXFileReference section */
		4C1F647E14FB24D4005E58EF /* FBMediaViewerItemLoader.h */ = {isa = PBXFileReference; fileEncoding = 4; lastKnownFileType = sourcecode.c.h; path = FBMediaViewerItemLoader.h; sourceTree = "<group>"; };
		4C1F648014FB2964005E58EF /* FBMediaViewerItemLoaderLocal.h */ = {isa = PBXFileReference; fileEncoding = 4; lastKnownFileType = sourcecode.c.h; path = FBMediaViewerItemLoaderLocal.h; sourceTree = "<group>"; };
		4C1F648114FB2964005E58EF /* FBMediaViewerItemLoaderLocal.m */ = {isa = PBXFileReference; fileEncoding = 4; lastKnownFileType = sourcecode.c.objc; path = FBMediaViewerItemLoaderLocal.m; sourceTree = "<group>"; };
		4C280F4114F4B46400DB9916 /* FBMediaViewerRendererWebView.h */ = {isa = PBXFileReference; fileEncoding = 4; lastKnownFileType = sourcecode.c.h; path = FBMediaViewerRendererWebView.h; sourceTree = "<group>"; };
		4C280F4214F4B46400DB9916 /* FBMediaViewerRendererWebView.m */ = {isa = PBXFileReference; fileEncoding = 4; lastKnownFileType = sourcecode.c.objc; path = FBMediaViewerRendererWebView.m; sourceTree = "<group>"; };
		4C280F4614F4C9B700DB9916 /* image01.jpg */ = {isa = PBXFileReference; lastKnownFileType = image.jpeg; path = image01.jpg; sourceTree = "<group>"; };
		4C528B5616D74DAB00E72445 /* QuartzCore.framework */ = {isa = PBXFileReference; lastKnownFileType = wrapper.framework; name = QuartzCore.framework; path = System/Library/Frameworks/QuartzCore.framework; sourceTree = SDKROOT; };
		4C795C0814F5DD38003EDA40 /* sample.doc */ = {isa = PBXFileReference; lastKnownFileType = file; path = sample.doc; sourceTree = "<group>"; };
		4C795C0914F5DD38003EDA40 /* sample.xls */ = {isa = PBXFileReference; lastKnownFileType = file; path = sample.xls; sourceTree = "<group>"; };
		4C795C0A14F5DD38003EDA40 /* sample.mov */ = {isa = PBXFileReference; lastKnownFileType = video.quicktime; path = sample.mov; sourceTree = "<group>"; };
		4C795C7D14F61FDF003EDA40 /* README.txt */ = {isa = PBXFileReference; fileEncoding = 4; lastKnownFileType = text; path = README.txt; sourceTree = "<group>"; };
		4C795C8014F622B0003EDA40 /* image02.jpg */ = {isa = PBXFileReference; lastKnownFileType = image.jpeg; path = image02.jpg; sourceTree = "<group>"; };
		4C795C8114F622B0003EDA40 /* image03.jpg */ = {isa = PBXFileReference; lastKnownFileType = image.jpeg; path = image03.jpg; sourceTree = "<group>"; };
		4C795C8214F622B0003EDA40 /* image04.jpg */ = {isa = PBXFileReference; lastKnownFileType = image.jpeg; path = image04.jpg; sourceTree = "<group>"; };
		4C795C8314F622B0003EDA40 /* image06.jpg */ = {isa = PBXFileReference; lastKnownFileType = image.jpeg; path = image06.jpg; sourceTree = "<group>"; };
		4C795C8414F622B0003EDA40 /* image07.jpg */ = {isa = PBXFileReference; lastKnownFileType = image.jpeg; path = image07.jpg; sourceTree = "<group>"; };
		4C795C8514F622B1003EDA40 /* image08.jpg */ = {isa = PBXFileReference; lastKnownFileType = image.jpeg; path = image08.jpg; sourceTree = "<group>"; };
		4C795CBB14F72E25003EDA40 /* FBMediaViewerRenderer.h */ = {isa = PBXFileReference; fileEncoding = 4; lastKnownFileType = sourcecode.c.h; path = FBMediaViewerRenderer.h; sourceTree = "<group>"; };
		4C795CBD14F72F31003EDA40 /* FBMediaViewerInnerView.h */ = {isa = PBXFileReference; fileEncoding = 4; lastKnownFileType = sourcecode.c.h; path = FBMediaViewerInnerView.h; sourceTree = "<group>"; };
		4C795CBE14F72F31003EDA40 /* FBMediaViewerInnerView.m */ = {isa = PBXFileReference; fileEncoding = 4; lastKnownFileType = sourcecode.c.objc; path = FBMediaViewerInnerView.m; sourceTree = "<group>"; };
		4C795CDB14F763AB003EDA40 /* FBMediaViewerItem.h */ = {isa = PBXFileReference; fileEncoding = 4; lastKnownFileType = sourcecode.c.h; path = FBMediaViewerItem.h; sourceTree = "<group>"; };
		4C795CE114F769D8003EDA40 /* FBGenericMediaViewerItem.h */ = {isa = PBXFileReference; fileEncoding = 4; lastKnownFileType = sourcecode.c.h; path = FBGenericMediaViewerItem.h; sourceTree = "<group>"; };
		4C795CE214F769D8003EDA40 /* FBGenericMediaViewerItem.m */ = {isa = PBXFileReference; fileEncoding = 4; lastKnownFileType = sourcecode.c.objc; path = FBGenericMediaViewerItem.m; sourceTree = "<group>"; };
		4C7A37E016673C2600DC39A9 /* sample_small.jpg */ = {isa = PBXFileReference; lastKnownFileType = image.jpeg; path = sample_small.jpg; sourceTree = "<group>"; };
		4C7A37E316673F5600DC39A9 /* sample_large.JPG */ = {isa = PBXFileReference; lastKnownFileType = image.jpeg; path = sample_large.JPG; sourceTree = "<group>"; };
		4C85160614F37F7A006564FE /* FBMediaViewer.app */ = {isa = PBXFileReference; explicitFileType = wrapper.application; includeInIndex = 0; path = FBMediaViewer.app; sourceTree = BUILT_PRODUCTS_DIR; };
		4C85160A14F37F7A006564FE /* UIKit.framework */ = {isa = PBXFileReference; lastKnownFileType = wrapper.framework; name = UIKit.framework; path = System/Library/Frameworks/UIKit.framework; sourceTree = SDKROOT; };
		4C85160C14F37F7A006564FE /* Foundation.framework */ = {isa = PBXFileReference; lastKnownFileType = wrapper.framework; name = Foundation.framework; path = System/Library/Frameworks/Foundation.framework; sourceTree = SDKROOT; };
		4C85160E14F37F7B006564FE /* CoreGraphics.framework */ = {isa = PBXFileReference; lastKnownFileType = wrapper.framework; name = CoreGraphics.framework; path = System/Library/Frameworks/CoreGraphics.framework; sourceTree = SDKROOT; };
		4C85161214F37F7B006564FE /* FBMediaViewer-Info.plist */ = {isa = PBXFileReference; lastKnownFileType = text.plist.xml; path = "FBMediaViewer-Info.plist"; sourceTree = "<group>"; };
		4C85161414F37F7B006564FE /* en */ = {isa = PBXFileReference; lastKnownFileType = text.plist.strings; name = en; path = en.lproj/InfoPlist.strings; sourceTree = "<group>"; };
		4C85161614F37F7B006564FE /* main.m */ = {isa = PBXFileReference; lastKnownFileType = sourcecode.c.objc; path = main.m; sourceTree = "<group>"; };
		4C85161814F37F7B006564FE /* FBMediaViewer-Prefix.pch */ = {isa = PBXFileReference; lastKnownFileType = sourcecode.c.h; path = "FBMediaViewer-Prefix.pch"; sourceTree = "<group>"; };
		4C85161914F37F7B006564FE /* FBMediaViewerAppDelegate.h */ = {isa = PBXFileReference; lastKnownFileType = sourcecode.c.h; path = FBMediaViewerAppDelegate.h; sourceTree = "<group>"; };
		4C85161A14F37F7B006564FE /* FBMediaViewerAppDelegate.m */ = {isa = PBXFileReference; lastKnownFileType = sourcecode.c.objc; path = FBMediaViewerAppDelegate.m; sourceTree = "<group>"; };
		4C85161C14F37F7B006564FE /* FBMediaViewerViewController.h */ = {isa = PBXFileReference; lastKnownFileType = sourcecode.c.h; path = FBMediaViewerViewController.h; sourceTree = "<group>"; };
		4C85161D14F37F7B006564FE /* FBMediaViewerViewController.m */ = {isa = PBXFileReference; lastKnownFileType = sourcecode.c.objc; path = FBMediaViewerViewController.m; sourceTree = "<group>"; };
		4C85162014F37F7B006564FE /* en */ = {isa = PBXFileReference; lastKnownFileType = file.xib; name = en; path = en.lproj/FBMediaViewerViewController_iPhone.xib; sourceTree = "<group>"; };
		4C85162314F37F7B006564FE /* en */ = {isa = PBXFileReference; lastKnownFileType = file.xib; name = en; path = en.lproj/FBMediaViewerViewController_iPad.xib; sourceTree = "<group>"; };
		4C85162B14F37FFE006564FE /* FBMediaViewerView.h */ = {isa = PBXFileReference; fileEncoding = 4; lastKnownFileType = sourcecode.c.h; path = FBMediaViewerView.h; sourceTree = "<group>"; };
		4C85162C14F37FFE006564FE /* FBMediaViewerView.m */ = {isa = PBXFileReference; fileEncoding = 4; lastKnownFileType = sourcecode.c.objc; path = FBMediaViewerView.m; sourceTree = "<group>"; };
		4CA5CD4016EDBEC8008B3471 /* sample2.mov */ = {isa = PBXFileReference; lastKnownFileType = video.quicktime; path = sample2.mov; sourceTree = "<group>"; };
		4CA90DA1165DEA6200D91B8B /* FBMediaViewer.plist */ = {isa = PBXFileReference; fileEncoding = 4; lastKnownFileType = text.plist.xml; path = FBMediaViewer.plist; sourceTree = "<group>"; };
		4CA90DA4165DEBE300D91B8B /* FBMediaViewerRendererFactory.h */ = {isa = PBXFileReference; fileEncoding = 4; lastKnownFileType = sourcecode.c.h; path = FBMediaViewerRendererFactory.h; sourceTree = "<group>"; };
		4CA90DA5165DEBE300D91B8B /* FBMediaViewerRendererFactory.m */ = {isa = PBXFileReference; fileEncoding = 4; lastKnownFileType = sourcecode.c.objc; path = FBMediaViewerRendererFactory.m; sourceTree = "<group>"; };
		4CA90DB0165E009600D91B8B /* FBMediaViewerRendererMovieView.h */ = {isa = PBXFileReference; fileEncoding = 4; lastKnownFileType = sourcecode.c.h; path = FBMediaViewerRendererMovieView.h; sourceTree = "<group>"; };
		4CA90DB1165E009600D91B8B /* FBMediaViewerRendererMovieView.m */ = {isa = PBXFileReference; fileEncoding = 4; lastKnownFileType = sourcecode.c.objc; path = FBMediaViewerRendererMovieView.m; sourceTree = "<group>"; };
		4CA90DB3165E02BA00D91B8B /* MediaPlayer.framework */ = {isa = PBXFileReference; lastKnownFileType = wrapper.framework; name = MediaPlayer.framework; path = System/Library/Frameworks/MediaPlayer.framework; sourceTree = SDKROOT; };
		4CCB44A3165617D300BD8B15 /* FBMediaViewerRendererImageView.h */ = {isa = PBXFileReference; fileEncoding = 4; lastKnownFileType = sourcecode.c.h; path = FBMediaViewerRendererImageView.h; sourceTree = "<group>"; };
		4CCB44A4165617D300BD8B15 /* FBMediaViewerRendererImageView.m */ = {isa = PBXFileReference; fileEncoding = 4; lastKnownFileType = sourcecode.c.objc; path = FBMediaViewerRendererImageView.m; sourceTree = "<group>"; };
		4CCD5BF616635456000794D5 /* Default-568h@2x.png */ = {isa = PBXFileReference; lastKnownFileType = image.png; path = "Default-568h@2x.png"; sourceTree = "<group>"; };
		4CCF59A515008F1F00BF9F12 /* FBMediaViewerLoadingView.h */ = {isa = PBXFileReference; fileEncoding = 4; lastKnownFileType = sourcecode.c.h; path = FBMediaViewerLoadingView.h; sourceTree = "<group>"; };
		4CCF59A71500901800BF9F12 /* FBMediaViewerGenericLoadingView.h */ = {isa = PBXFileReference; fileEncoding = 4; lastKnownFileType = sourcecode.c.h; path = FBMediaViewerGenericLoadingView.h; sourceTree = "<group>"; };
		4CCF59A81500901800BF9F12 /* FBMediaViewerGenericLoadingView.m */ = {isa = PBXFileReference; fileEncoding = 4; lastKnownFileType = sourcecode.c.objc; path = FBMediaViewerGenericLoadingView.m; sourceTree = "<group>"; };
		4CCF59AF15009CFE00BF9F12 /* FBMediaViewerProgressView.m */ = {isa = PBXFileReference; fileEncoding = 4; lastKnownFileType = sourcecode.c.objc; path = FBMediaViewerProgressView.m; sourceTree = "<group>"; };
		4CCF59B015009CFE00BF9F12 /* FBMediaViewerProgressView.h */ = {isa = PBXFileReference; fileEncoding = 4; lastKnownFileType = sourcecode.c.h; path = FBMediaViewerProgressView.h; sourceTree = "<group>"; };
/* End PBXFileReference section */

/* Begin PBXFrameworksBuildPhase section */
		4C85160314F37F7A006564FE /* Frameworks */ = {
			isa = PBXFrameworksBuildPhase;
			buildActionMask = 2147483647;
			files = (
				4C528B5716D74DAB00E72445 /* QuartzCore.framework in Frameworks */,
				4CA90DB4165E02BA00D91B8B /* MediaPlayer.framework in Frameworks */,
				4C85160B14F37F7A006564FE /* UIKit.framework in Frameworks */,
				4C85160D14F37F7B006564FE /* Foundation.framework in Frameworks */,
				4C85160F14F37F7B006564FE /* CoreGraphics.framework in Frameworks */,
			);
			runOnlyForDeploymentPostprocessing = 0;
		};
/* End PBXFrameworksBuildPhase section */

/* Begin PBXGroup section */
		4C1F647F14FB2709005E58EF /* Downloaders */ = {
			isa = PBXGroup;
			children = (
				4C1F648014FB2964005E58EF /* FBMediaViewerItemLoaderLocal.h */,
				4C1F648114FB2964005E58EF /* FBMediaViewerItemLoaderLocal.m */,
			);
			name = Downloaders;
			sourceTree = "<group>";
		};
		4C280F4514F4C9A600DB9916 /* Sample Files */ = {
			isa = PBXGroup;
			children = (
				4C280F4614F4C9B700DB9916 /* image01.jpg */,
				4C795C8014F622B0003EDA40 /* image02.jpg */,
				4C795C8114F622B0003EDA40 /* image03.jpg */,
				4C795C8214F622B0003EDA40 /* image04.jpg */,
				4C795C8314F622B0003EDA40 /* image06.jpg */,
				4C795C8414F622B0003EDA40 /* image07.jpg */,
				4C795C8514F622B1003EDA40 /* image08.jpg */,
				4C795C0814F5DD38003EDA40 /* sample.doc */,
				4C795C0914F5DD38003EDA40 /* sample.xls */,
				4C795C0A14F5DD38003EDA40 /* sample.mov */,
				4CA5CD4016EDBEC8008B3471 /* sample2.mov */,
				4C7A37E316673F5600DC39A9 /* sample_large.JPG */,
				4C7A37E016673C2600DC39A9 /* sample_small.jpg */,
			);
			name = "Sample Files";
			sourceTree = "<group>";
		};
		4C795CBA14F72DCE003EDA40 /* Renderes (UIView subclass) */ = {
			isa = PBXGroup;
			children = (
				4CA90DA1165DEA6200D91B8B /* FBMediaViewer.plist */,
				4C280F4114F4B46400DB9916 /* FBMediaViewerRendererWebView.h */,
				4C280F4214F4B46400DB9916 /* FBMediaViewerRendererWebView.m */,
				4CCB44A3165617D300BD8B15 /* FBMediaViewerRendererImageView.h */,
				4CCB44A4165617D300BD8B15 /* FBMediaViewerRendererImageView.m */,
				4CA90DB0165E009600D91B8B /* FBMediaViewerRendererMovieView.h */,
				4CA90DB1165E009600D91B8B /* FBMediaViewerRendererMovieView.m */,
				4CA90DA4165DEBE300D91B8B /* FBMediaViewerRendererFactory.h */,
				4CA90DA5165DEBE300D91B8B /* FBMediaViewerRendererFactory.m */,
			);
			name = "Renderes (UIView subclass)";
			sourceTree = "<group>";
		};
		4C795CE414F76E23003EDA40 /* Media Items */ = {
			isa = PBXGroup;
			children = (
				4C795CE114F769D8003EDA40 /* FBGenericMediaViewerItem.h */,
				4C795CE214F769D8003EDA40 /* FBGenericMediaViewerItem.m */,
			);
			name = "Media Items";
			sourceTree = "<group>";
		};
		4C8515FB14F37F7A006564FE = {
			isa = PBXGroup;
			children = (
				4CCD5BF616635456000794D5 /* Default-568h@2x.png */,
				4C795C7D14F61FDF003EDA40 /* README.txt */,
				4C85162A14F37FD9006564FE /* FBMediaViewer */,
				4C85161014F37F7B006564FE /* Sample Program */,
				4C85160914F37F7A006564FE /* Frameworks */,
				4C85160714F37F7A006564FE /* Products */,
			);
			sourceTree = "<group>";
		};
		4C85160714F37F7A006564FE /* Products */ = {
			isa = PBXGroup;
			children = (
				4C85160614F37F7A006564FE /* FBMediaViewer.app */,
			);
			name = Products;
			sourceTree = "<group>";
		};
		4C85160914F37F7A006564FE /* Frameworks */ = {
			isa = PBXGroup;
			children = (
				4CA90DB3165E02BA00D91B8B /* MediaPlayer.framework */,
				4C528B5616D74DAB00E72445 /* QuartzCore.framework */,
				4C85160A14F37F7A006564FE /* UIKit.framework */,
				4C85160C14F37F7A006564FE /* Foundation.framework */,
				4C85160E14F37F7B006564FE /* CoreGraphics.framework */,
			);
			name = Frameworks;
			sourceTree = "<group>";
		};
		4C85161014F37F7B006564FE /* Sample Program */ = {
			isa = PBXGroup;
			children = (
				4C85161914F37F7B006564FE /* FBMediaViewerAppDelegate.h */,
				4C85161A14F37F7B006564FE /* FBMediaViewerAppDelegate.m */,
				4C85161C14F37F7B006564FE /* FBMediaViewerViewController.h */,
				4C85161D14F37F7B006564FE /* FBMediaViewerViewController.m */,
				4C85161F14F37F7B006564FE /* FBMediaViewerViewController_iPhone.xib */,
				4C85162214F37F7B006564FE /* FBMediaViewerViewController_iPad.xib */,
				4C280F4514F4C9A600DB9916 /* Sample Files */,
				4C85161114F37F7B006564FE /* Supporting Files */,
			);
			path = "Sample Program";
			sourceTree = "<group>";
		};
		4C85161114F37F7B006564FE /* Supporting Files */ = {
			isa = PBXGroup;
			children = (
				4C85161214F37F7B006564FE /* FBMediaViewer-Info.plist */,
				4C85161314F37F7B006564FE /* InfoPlist.strings */,
				4C85161614F37F7B006564FE /* main.m */,
				4C85161814F37F7B006564FE /* FBMediaViewer-Prefix.pch */,
			);
			name = "Supporting Files";
			sourceTree = "<group>";
		};
		4C85162A14F37FD9006564FE /* FBMediaViewer */ = {
			isa = PBXGroup;
			children = (
				4C85162B14F37FFE006564FE /* FBMediaViewerView.h */,
				4C85162C14F37FFE006564FE /* FBMediaViewerView.m */,
				4C795CBD14F72F31003EDA40 /* FBMediaViewerInnerView.h */,
				4C795CBE14F72F31003EDA40 /* FBMediaViewerInnerView.m */,
				4C795CDB14F763AB003EDA40 /* FBMediaViewerItem.h */,
				4C795CBB14F72E25003EDA40 /* FBMediaViewerRenderer.h */,
				4CCF59A515008F1F00BF9F12 /* FBMediaViewerLoadingView.h */,
				4C1F647E14FB24D4005E58EF /* FBMediaViewerItemLoader.h */,
				4C795CE414F76E23003EDA40 /* Media Items */,
				4C795CBA14F72DCE003EDA40 /* Renderes (UIView subclass) */,
				4CCF59B215009D1500BF9F12 /* Loading Views */,
				4C1F647F14FB2709005E58EF /* Downloaders */,
			);
			name = FBMediaViewer;
			sourceTree = "<group>";
		};
		4CCF59B215009D1500BF9F12 /* Loading Views */ = {
			isa = PBXGroup;
			children = (
				4CCF59A71500901800BF9F12 /* FBMediaViewerGenericLoadingView.h */,
				4CCF59A81500901800BF9F12 /* FBMediaViewerGenericLoadingView.m */,
				4CCF59B015009CFE00BF9F12 /* FBMediaViewerProgressView.h */,
				4CCF59AF15009CFE00BF9F12 /* FBMediaViewerProgressView.m */,
			);
			name = "Loading Views";
			sourceTree = "<group>";
		};
/* End PBXGroup section */

/* Begin PBXNativeTarget section */
		4C85160514F37F7A006564FE /* FBMediaViewer */ = {
			isa = PBXNativeTarget;
			buildConfigurationList = 4C85162714F37F7B006564FE /* Build configuration list for PBXNativeTarget "FBMediaViewer" */;
			buildPhases = (
				4C85160214F37F7A006564FE /* Sources */,
				4C85160314F37F7A006564FE /* Frameworks */,
				4C85160414F37F7A006564FE /* Resources */,
			);
			buildRules = (
			);
			dependencies = (
			);
			name = FBMediaViewer;
			productName = FBMediaViewer;
			productReference = 4C85160614F37F7A006564FE /* FBMediaViewer.app */;
			productType = "com.apple.product-type.application";
		};
/* End PBXNativeTarget section */

/* Begin PBXProject section */
		4C8515FD14F37F7A006564FE /* Project object */ = {
			isa = PBXProject;
			attributes = {
				CLASSPREFIX = FBMediaViewer;
				LastUpgradeCheck = 0460;
			};
			buildConfigurationList = 4C85160014F37F7A006564FE /* Build configuration list for PBXProject "FBMediaViewer" */;
			compatibilityVersion = "Xcode 3.2";
			developmentRegion = English;
			hasScannedForEncodings = 0;
			knownRegions = (
				en,
			);
			mainGroup = 4C8515FB14F37F7A006564FE;
			productRefGroup = 4C85160714F37F7A006564FE /* Products */;
			projectDirPath = "";
			projectRoot = "";
			targets = (
				4C85160514F37F7A006564FE /* FBMediaViewer */,
			);
		};
/* End PBXProject section */

/* Begin PBXResourcesBuildPhase section */
		4C85160414F37F7A006564FE /* Resources */ = {
			isa = PBXResourcesBuildPhase;
			buildActionMask = 2147483647;
			files = (
				4C85161514F37F7B006564FE /* InfoPlist.strings in Resources */,
				4C85162114F37F7B006564FE /* FBMediaViewerViewController_iPhone.xib in Resources */,
				4C85162414F37F7B006564FE /* FBMediaViewerViewController_iPad.xib in Resources */,
				4C280F4E14F4C9B700DB9916 /* image01.jpg in Resources */,
				4C795C0B14F5DD38003EDA40 /* sample.doc in Resources */,
				4C795C0C14F5DD38003EDA40 /* sample.xls in Resources */,
				4C795C0D14F5DD38003EDA40 /* sample.mov in Resources */,
				4C795C7E14F61FE0003EDA40 /* README.txt in Resources */,
				4C795C8614F622B1003EDA40 /* image02.jpg in Resources */,
				4C795C8714F622B1003EDA40 /* image03.jpg in Resources */,
				4C795C8814F622B1003EDA40 /* image04.jpg in Resources */,
				4C795C8914F622B1003EDA40 /* image06.jpg in Resources */,
				4C795C8A14F622B1003EDA40 /* image07.jpg in Resources */,
				4C795C8B14F622B1003EDA40 /* image08.jpg in Resources */,
				4CA90DA2165DEA6200D91B8B /* FBMediaViewer.plist in Resources */,
				4CCD5BF716635457000794D5 /* Default-568h@2x.png in Resources */,
				4C7A37E116673C2600DC39A9 /* sample_small.jpg in Resources */,
				4C7A37E416673F5600DC39A9 /* sample_large.JPG in Resources */,
				4CA5CD4116EDBEC8008B3471 /* sample2.mov in Resources */,
			);
			runOnlyForDeploymentPostprocessing = 0;
		};
/* End PBXResourcesBuildPhase section */

/* Begin PBXSourcesBuildPhase section */
		4C85160214F37F7A006564FE /* Sources */ = {
			isa = PBXSourcesBuildPhase;
			buildActionMask = 2147483647;
			files = (
				4C85161714F37F7B006564FE /* main.m in Sources */,
				4C85161B14F37F7B006564FE /* FBMediaViewerAppDelegate.m in Sources */,
				4C85161E14F37F7B006564FE /* FBMediaViewerViewController.m in Sources */,
				4C85162D14F37FFE006564FE /* FBMediaViewerView.m in Sources */,
				4C280F4314F4B46400DB9916 /* FBMediaViewerRendererWebView.m in Sources */,
				4C795CBF14F72F31003EDA40 /* FBMediaViewerInnerView.m in Sources */,
				4C795CE314F769D9003EDA40 /* FBGenericMediaViewerItem.m in Sources */,
				4C1F648214FB2964005E58EF /* FBMediaViewerItemLoaderLocal.m in Sources */,
				4CCF59A91500901800BF9F12 /* FBMediaViewerGenericLoadingView.m in Sources */,
				4CCF59B115009CFE00BF9F12 /* FBMediaViewerProgressView.m in Sources */,
				4CCB44A5165617D300BD8B15 /* FBMediaViewerRendererImageView.m in Sources */,
				4CA90DA6165DEBE300D91B8B /* FBMediaViewerRendererFactory.m in Sources */,
				4CA90DB2165E009600D91B8B /* FBMediaViewerRendererMovieView.m in Sources */,
			);
			runOnlyForDeploymentPostprocessing = 0;
		};
/* End PBXSourcesBuildPhase section */

/* Begin PBXVariantGroup section */
		4C85161314F37F7B006564FE /* InfoPlist.strings */ = {
			isa = PBXVariantGroup;
			children = (
				4C85161414F37F7B006564FE /* en */,
			);
			name = InfoPlist.strings;
			sourceTree = "<group>";
		};
		4C85161F14F37F7B006564FE /* FBMediaViewerViewController_iPhone.xib */ = {
			isa = PBXVariantGroup;
			children = (
				4C85162014F37F7B006564FE /* en */,
			);
			name = FBMediaViewerViewController_iPhone.xib;
			sourceTree = "<group>";
		};
		4C85162214F37F7B006564FE /* FBMediaViewerViewController_iPad.xib */ = {
			isa = PBXVariantGroup;
			children = (
				4C85162314F37F7B006564FE /* en */,
			);
			name = FBMediaViewerViewController_iPad.xib;
			sourceTree = "<group>";
		};
/* End PBXVariantGroup section */

/* Begin XCBuildConfiguration section */
		4C85162514F37F7B006564FE /* Debug */ = {
			isa = XCBuildConfiguration;
			buildSettings = {
				ALWAYS_SEARCH_USER_PATHS = NO;
				ARCHS = "$(ARCHS_STANDARD_32_BIT)";
				CLANG_ENABLE_OBJC_ARC = YES;
				CLANG_WARN_CONSTANT_CONVERSION = YES;
				CLANG_WARN_ENUM_CONVERSION = YES;
				CLANG_WARN_INT_CONVERSION = YES;
				CLANG_WARN__DUPLICATE_METHOD_MATCH = YES;
				"CODE_SIGN_IDENTITY[sdk=iphoneos*]" = "iPhone Developer";
				COPY_PHASE_STRIP = NO;
				GCC_C_LANGUAGE_STANDARD = gnu99;
				GCC_DYNAMIC_NO_PIC = NO;
				GCC_OPTIMIZATION_LEVEL = 0;
				GCC_PREPROCESSOR_DEFINITIONS = (
					"DEBUG=1",
					"$(inherited)",
				);
				GCC_SYMBOLS_PRIVATE_EXTERN = NO;
				GCC_VERSION = com.apple.compilers.llvm.clang.1_0;
				GCC_WARN_ABOUT_RETURN_TYPE = YES;
				GCC_WARN_UNINITIALIZED_AUTOS = YES;
				GCC_WARN_UNUSED_VARIABLE = YES;
				IPHONEOS_DEPLOYMENT_TARGET = 5.0;
				SDKROOT = iphoneos;
				TARGETED_DEVICE_FAMILY = "1,2";
			};
			name = Debug;
		};
		4C85162614F37F7B006564FE /* Release */ = {
			isa = XCBuildConfiguration;
			buildSettings = {
				ALWAYS_SEARCH_USER_PATHS = NO;
				ARCHS = "$(ARCHS_STANDARD_32_BIT)";
				CLANG_ENABLE_OBJC_ARC = YES;
				CLANG_WARN_CONSTANT_CONVERSION = YES;
				CLANG_WARN_ENUM_CONVERSION = YES;
				CLANG_WARN_INT_CONVERSION = YES;
				CLANG_WARN__DUPLICATE_METHOD_MATCH = YES;
				"CODE_SIGN_IDENTITY[sdk=iphoneos*]" = "iPhone Developer";
				COPY_PHASE_STRIP = YES;
				GCC_C_LANGUAGE_STANDARD = gnu99;
				GCC_VERSION = com.apple.compilers.llvm.clang.1_0;
				GCC_WARN_ABOUT_RETURN_TYPE = YES;
				GCC_WARN_UNINITIALIZED_AUTOS = YES;
				GCC_WARN_UNUSED_VARIABLE = YES;
				IPHONEOS_DEPLOYMENT_TARGET = 5.0;
				OTHER_CFLAGS = "-DNS_BLOCK_ASSERTIONS=1";
				SDKROOT = iphoneos;
				TARGETED_DEVICE_FAMILY = "1,2";
				VALIDATE_PRODUCT = YES;
			};
			name = Release;
		};
		4C85162814F37F7B006564FE /* Debug */ = {
			isa = XCBuildConfiguration;
			buildSettings = {
				GCC_PRECOMPILE_PREFIX_HEADER = YES;
				GCC_PREFIX_HEADER = "Sample Program/FBMediaViewer-Prefix.pch";
				INFOPLIST_FILE = "Sample Program/FBMediaViewer-Info.plist";
				IPHONEOS_DEPLOYMENT_TARGET = 5.1;
				PRODUCT_NAME = "$(TARGET_NAME)";
				WRAPPER_EXTENSION = app;
			};
			name = Debug;
		};
		4C85162914F37F7B006564FE /* Release */ = {
			isa = XCBuildConfiguration;
			buildSettings = {
				GCC_PRECOMPILE_PREFIX_HEADER = YES;
				GCC_PREFIX_HEADER = "Sample Program/FBMediaViewer-Prefix.pch";
				INFOPLIST_FILE = "Sample Program/FBMediaViewer-Info.plist";
				IPHONEOS_DEPLOYMENT_TARGET = 5.1;
				PRODUCT_NAME = "$(TARGET_NAME)";
				WRAPPER_EXTENSION = app;
			};
			name = Release;
		};
/* End XCBuildConfiguration section */

/* Begin XCConfigurationList section */
		4C85160014F37F7A006564FE /* Build configuration list for PBXProject "FBMediaViewer" */ = {
			isa = XCConfigurationList;
			buildConfigurations = (
				4C85162514F37F7B006564FE /* Debug */,
				4C85162614F37F7B006564FE /* Release */,
			);
			defaultConfigurationIsVisible = 0;
			defaultConfigurationName = Release;
		};
		4C85162714F37F7B006564FE /* Build configuration list for PBXNativeTarget "FBMediaViewer" */ = {
			isa = XCConfigurationList;
			buildConfigurations = (
				4C85162814F37F7B006564FE /* Debug */,
				4C85162914F37F7B006564FE /* Release */,
			);
			defaultConfigurationIsVisible = 0;
			defaultConfigurationName = Release;
		};
/* End XCConfigurationList section */
	};
	rootObject = 4C8515FD14F37F7A006564FE /* Project object */;
}
